
Microsoft Visual Studio Solution File, Format Version 12.00
# Visual Studio 15
VisualStudioVersion = 15.0.26730.16
MinimumVisualStudioVersion = 10.0.40219.1
Project("{FAE04EC0-301F-11D3-BF4B-00C04F79EFBC}") = "PracticeCexV2.Web", "PracticeCexV2.Web\PracticeCexV2.Web.csproj", "{0C5D98EF-2507-4D49-A838-576A4477E323}"
EndProject
Project("{FAE04EC0-301F-11D3-BF4B-00C04F79EFBC}") = "PracticeCexV2.Web.Tests", "PracticeCexV2.Web.Tests\PracticeCexV2.Web.Tests.csproj", "{5B88927D-233C-4777-9734-A1A835E766E0}"
EndProject
Global
	GlobalSection(SolutionConfigurationPlatforms) = preSolution
		Debug|Any CPU = Debug|Any CPU
		Release|Any CPU = Release|Any CPU
	EndGlobalSection
	GlobalSection(ProjectConfigurationPlatforms) = postSolution
		{0C5D98EF-2507-4D49-A838-576A4477E323}.Debug|Any CPU.ActiveCfg = Debug|Any CPU
		{0C5D98EF-2507-4D49-A838-576A4477E323}.Debug|Any CPU.Build.0 = Debug|Any CPU
		{0C5D98EF-2507-4D49-A838-576A4477E323}.Release|Any CPU.ActiveCfg = Release|Any CPU
		{0C5D98EF-2507-4D49-A838-576A4477E323}.Release|Any CPU.Build.0 = Release|Any CPU
		{5B88927D-233C-4777-9734-A1A835E766E0}.Debug|Any CPU.ActiveCfg = Debug|Any CPU
		{5B88927D-233C-4777-9734-A1A835E766E0}.Debug|Any CPU.Build.0 = Debug|Any CPU
		{5B88927D-233C-4777-9734-A1A835E766E0}.Release|Any CPU.ActiveCfg = Release|Any CPU
		{5B88927D-233C-4777-9734-A1A835E766E0}.Release|Any CPU.Build.0 = Release|Any CPU
	EndGlobalSection
	GlobalSection(SolutionProperties) = preSolution
		HideSolutionNode = FALSE
	EndGlobalSection
	GlobalSection(ExtensibilityGlobals) = postSolution
		SolutionGuid = {23C60748-EB65-4584-961A-E2D8040DEF74}
	EndGlobalSection
EndGlobal
